// !$*UTF8*$!
{
	archiveVersion = 1;
	classes = {
	};
	objectVersion = 50;
	objects = {

/* Begin PBXBuildFile section */
		191F9B7322D1A01E00FEB7EB /* PreviewView.swift in Sources */ = {isa = PBXBuildFile; fileRef = 191F9B7222D1A01E00FEB7EB /* PreviewView.swift */; };
		19AF54CC22D17EA000F86BDD /* AppDelegate.swift in Sources */ = {isa = PBXBuildFile; fileRef = 19AF54CB22D17EA000F86BDD /* AppDelegate.swift */; };
		19AF54CE22D17EA000F86BDD /* MainVC.swift in Sources */ = {isa = PBXBuildFile; fileRef = 19AF54CD22D17EA000F86BDD /* MainVC.swift */; };
		19AF54D322D17EA500F86BDD /* Assets.xcassets in Resources */ = {isa = PBXBuildFile; fileRef = 19AF54D222D17EA500F86BDD /* Assets.xcassets */; };
		19AF54D622D17EA500F86BDD /* LaunchScreen.storyboard in Resources */ = {isa = PBXBuildFile; fileRef = 19AF54D422D17EA500F86BDD /* LaunchScreen.storyboard */; };
		19BBD1B725384F3600FF1DA9 /* CameraControlsView.swift in Sources */ = {isa = PBXBuildFile; fileRef = 19BBD1B625384F3600FF1DA9 /* CameraControlsView.swift */; };
		19EDFD4C22D1829400D2729D /* MainView.swift in Sources */ = {isa = PBXBuildFile; fileRef = 19EDFD4B22D1829400D2729D /* MainView.swift */; };
/* End PBXBuildFile section */

/* Begin PBXFileReference section */
		191F9B7222D1A01E00FEB7EB /* PreviewView.swift */ = {isa = PBXFileReference; lastKnownFileType = sourcecode.swift; path = PreviewView.swift; sourceTree = "<group>"; };
		19AF54C822D17EA000F86BDD /* AVCam.app */ = {isa = PBXFileReference; explicitFileType = wrapper.application; includeInIndex = 0; path = AVCam.app; sourceTree = BUILT_PRODUCTS_DIR; };
		19AF54CB22D17EA000F86BDD /* AppDelegate.swift */ = {isa = PBXFileReference; lastKnownFileType = sourcecode.swift; path = AppDelegate.swift; sourceTree = "<group>"; };
		19AF54CD22D17EA000F86BDD /* MainVC.swift */ = {isa = PBXFileReference; lastKnownFileType = sourcecode.swift; path = MainVC.swift; sourceTree = "<group>"; };
		19AF54D222D17EA500F86BDD /* Assets.xcassets */ = {isa = PBXFileReference; lastKnownFileType = folder.assetcatalog; path = Assets.xcassets; sourceTree = "<group>"; };
		19AF54D522D17EA500F86BDD /* Base */ = {isa = PBXFileReference; lastKnownFileType = file.storyboard; name = Base; path = Base.lproj/LaunchScreen.storyboard; sourceTree = "<group>"; };
		19AF54D722D17EA500F86BDD /* Info.plist */ = {isa = PBXFileReference; lastKnownFileType = text.plist.xml; path = Info.plist; sourceTree = "<group>"; };
		19BBD1B625384F3600FF1DA9 /* CameraControlsView.swift */ = {isa = PBXFileReference; lastKnownFileType = sourcecode.swift; path = CameraControlsView.swift; sourceTree = "<group>"; };
		19EDFD4B22D1829400D2729D /* MainView.swift */ = {isa = PBXFileReference; lastKnownFileType = sourcecode.swift; path = MainView.swift; sourceTree = "<group>"; };
/* End PBXFileReference section */

/* Begin PBXFrameworksBuildPhase section */
		19AF54C522D17EA000F86BDD /* Frameworks */ = {
			isa = PBXFrameworksBuildPhase;
			buildActionMask = 2147483647;
			files = (
			);
			runOnlyForDeploymentPostprocessing = 0;
		};
/* End PBXFrameworksBuildPhase section */

/* Begin PBXGroup section */
		19AF54BF22D17EA000F86BDD = {
			isa = PBXGroup;
			children = (
				19AF54CA22D17EA000F86BDD /* AVCam */,
				19AF54C922D17EA000F86BDD /* Products */,
			);
			sourceTree = "<group>";
		};
		19AF54C922D17EA000F86BDD /* Products */ = {
			isa = PBXGroup;
			children = (
				19AF54C822D17EA000F86BDD /* AVCam.app */,
			);
			name = Products;
			sourceTree = "<group>";
		};
		19AF54CA22D17EA000F86BDD /* AVCam */ = {
			isa = PBXGroup;
			children = (
				19EDFD4A22D1827A00D2729D /* View */,
				19EDFD4922D181D400D2729D /* Controller */,
				19AF54CB22D17EA000F86BDD /* AppDelegate.swift */,
				19AF54D222D17EA500F86BDD /* Assets.xcassets */,
				19AF54D422D17EA500F86BDD /* LaunchScreen.storyboard */,
				19AF54D722D17EA500F86BDD /* Info.plist */,
			);
			path = AVCam;
			sourceTree = "<group>";
		};
		19EDFD4922D181D400D2729D /* Controller */ = {
			isa = PBXGroup;
			children = (
				19AF54CD22D17EA000F86BDD /* MainVC.swift */,
			);
			path = Controller;
			sourceTree = "<group>";
		};
		19EDFD4A22D1827A00D2729D /* View */ = {
			isa = PBXGroup;
			children = (
				19EDFD4B22D1829400D2729D /* MainView.swift */,
				191F9B7222D1A01E00FEB7EB /* PreviewView.swift */,
				19BBD1B625384F3600FF1DA9 /* CameraControlsView.swift */,
			);
			path = View;
			sourceTree = "<group>";
		};
/* End PBXGroup section */

/* Begin PBXNativeTarget section */
		19AF54C722D17EA000F86BDD /* AVCam */ = {
			isa = PBXNativeTarget;
			buildConfigurationList = 19AF54DA22D17EA500F86BDD /* Build configuration list for PBXNativeTarget "AVCam" */;
			buildPhases = (
				19AF54C422D17EA000F86BDD /* Sources */,
				19AF54C522D17EA000F86BDD /* Frameworks */,
				19AF54C622D17EA000F86BDD /* Resources */,
			);
			buildRules = (
			);
			dependencies = (
			);
			name = AVCam;
			productName = AVCam;
			productReference = 19AF54C822D17EA000F86BDD /* AVCam.app */;
			productType = "com.apple.product-type.application";
		};
/* End PBXNativeTarget section */

/* Begin PBXProject section */
		19AF54C022D17EA000F86BDD /* Project object */ = {
			isa = PBXProject;
			attributes = {
				LastSwiftUpdateCheck = 1020;
				LastUpgradeCheck = 1200;
				ORGANIZATIONNAME = "Ajo M Varghese";
				TargetAttributes = {
					19AF54C722D17EA000F86BDD = {
						CreatedOnToolsVersion = 10.2.1;
					};
				};
			};
			buildConfigurationList = 19AF54C322D17EA000F86BDD /* Build configuration list for PBXProject "AVCam" */;
			compatibilityVersion = "Xcode 9.3";
			developmentRegion = en;
			hasScannedForEncodings = 0;
			knownRegions = (
				en,
				Base,
			);
			mainGroup = 19AF54BF22D17EA000F86BDD;
			productRefGroup = 19AF54C922D17EA000F86BDD /* Products */;
			projectDirPath = "";
			projectRoot = "";
			targets = (
				19AF54C722D17EA000F86BDD /* AVCam */,
			);
		};
/* End PBXProject section */

/* Begin PBXResourcesBuildPhase section */
		19AF54C622D17EA000F86BDD /* Resources */ = {
			isa = PBXResourcesBuildPhase;
			buildActionMask = 2147483647;
			files = (
				19AF54D622D17EA500F86BDD /* LaunchScreen.storyboard in Resources */,
				19AF54D322D17EA500F86BDD /* Assets.xcassets in Resources */,
			);
			runOnlyForDeploymentPostprocessing = 0;
		};
/* End PBXResourcesBuildPhase section */

/* Begin PBXSourcesBuildPhase section */
		19AF54C422D17EA000F86BDD /* Sources */ = {
			isa = PBXSourcesBuildPhase;
			buildActionMask = 2147483647;
			files = (
				19AF54CE22D17EA000F86BDD /* MainVC.swift in Sources */,
				191F9B7322D1A01E00FEB7EB /* PreviewView.swift in Sources */,
				19EDFD4C22D1829400D2729D /* MainView.swift in Sources */,
				19AF54CC22D17EA000F86BDD /* AppDelegate.swift in Sources */,
				19BBD1B725384F3600FF1DA9 /* CameraControlsView.swift in Sources */,
			);
			runOnlyForDeploymentPostprocessing = 0;
		};
/* End PBXSourcesBuildPhase section */

/* Begin PBXVariantGroup section */
		19AF54D422D17EA500F86BDD /* LaunchScreen.storyboard */ = {
			isa = PBXVariantGroup;
			children = (
				19AF54D522D17EA500F86BDD /* Base */,
			);
			name = LaunchScreen.storyboard;
			sourceTree = "<group>";
		};
/* End PBXVariantGroup section */

/* Begin XCBuildConfiguration section */
		19AF54D822D17EA500F86BDD /* Debug */ = {
			isa = XCBuildConfiguration;
			buildSettings = {
				ALWAYS_SEARCH_USER_PATHS = NO;
				CLANG_ANALYZER_NONNULL = YES;
				CLANG_ANALYZER_NUMBER_OBJECT_CONVERSION = YES_AGGRESSIVE;
				CLANG_CXX_LANGUAGE_STANDARD = "gnu++14";
				CLANG_CXX_LIBRARY = "libc++";
				CLANG_ENABLE_MODULES = YES;
				CLANG_ENABLE_OBJC_ARC = YES;
				CLANG_ENABLE_OBJC_WEAK = YES;
				CLANG_WARN_BLOCK_CAPTURE_AUTORELEASING = YES;
				CLANG_WARN_BOOL_CONVERSION = YES;
				CLANG_WARN_COMMA = YES;
				CLANG_WARN_CONSTANT_CONVERSION = YES;
				CLANG_WARN_DEPRECATED_OBJC_IMPLEMENTATIONS = YES;
				CLANG_WARN_DIRECT_OBJC_ISA_USAGE = YES_ERROR;
				CLANG_WARN_DOCUMENTATION_COMMENTS = YES;
				CLANG_WARN_EMPTY_BODY = YES;
				CLANG_WARN_ENUM_CONVERSION = YES;
				CLANG_WARN_INFINITE_RECURSION = YES;
				CLANG_WARN_INT_CONVERSION = YES;
				CLANG_WARN_NON_LITERAL_NULL_CONVERSION = YES;
				CLANG_WARN_OBJC_IMPLICIT_RETAIN_SELF = YES;
				CLANG_WARN_OBJC_LITERAL_CONVERSION = YES;
				CLANG_WARN_OBJC_ROOT_CLASS = YES_ERROR;
				CLANG_WARN_QUOTED_INCLUDE_IN_FRAMEWORK_HEADER = YES;
				CLANG_WARN_RANGE_LOOP_ANALYSIS = YES;
				CLANG_WARN_STRICT_PROTOTYPES = YES;
				CLANG_WARN_SUSPICIOUS_MOVE = YES;
				CLANG_WARN_UNGUARDED_AVAILABILITY = YES_AGGRESSIVE;
				CLANG_WARN_UNREACHABLE_CODE = YES;
				CLANG_WARN__DUPLICATE_METHOD_MATCH = YES;
				CODE_SIGN_IDENTITY = "iPhone Developer";
				COPY_PHASE_STRIP = NO;
				DEBUG_INFORMATION_FORMAT = dwarf;
				ENABLE_STRICT_OBJC_MSGSEND = YES;
				ENABLE_TESTABILITY = YES;
				GCC_C_LANGUAGE_STANDARD = gnu11;
				GCC_DYNAMIC_NO_PIC = NO;
				GCC_NO_COMMON_BLOCKS = YES;
				GCC_OPTIMIZATION_LEVEL = 0;
				GCC_PREPROCESSOR_DEFINITIONS = (
					"DEBUG=1",
					"$(inherited)",
				);
				GCC_WARN_64_TO_32_BIT_CONVERSION = YES;
				GCC_WARN_ABOUT_RETURN_TYPE = YES_ERROR;
				GCC_WARN_UNDECLARED_SELECTOR = YES;
				GCC_WARN_UNINITIALIZED_AUTOS = YES_AGGRESSIVE;
				GCC_WARN_UNUSED_FUNCTION = YES;
				GCC_WARN_UNUSED_VARIABLE = YES;
				IPHONEOS_DEPLOYMENT_TARGET = 12.2;
				MTL_ENABLE_DEBUG_INFO = INCLUDE_SOURCE;
				MTL_FAST_MATH = YES;
				ONLY_ACTIVE_ARCH = YES;
				SDKROOT = iphoneos;
				SWIFT_ACTIVE_COMPILATION_CONDITIONS = DEBUG;
				SWIFT_OPTIMIZATION_LEVEL = "-Onone";
			};
			name = Debug;
		};
		19AF54D922D17EA500F86BDD /* Release */ = {
			isa = XCBuildConfiguration;
			buildSettings = {
				ALWAYS_SEARCH_USER_PATHS = NO;
				CLANG_ANALYZER_NONNULL = YES;
				CLANG_ANALYZER_NUMBER_OBJECT_CONVERSION = YES_AGGRESSIVE;
				CLANG_CXX_LANGUAGE_STANDARD = "gnu++14";
				CLANG_CXX_LIBRARY = "libc++";
				CLANG_ENABLE_MODULES = YES;
				CLANG_ENABLE_OBJC_ARC = YES;
				CLANG_ENABLE_OBJC_WEAK = YES;
				CLANG_WARN_BLOCK_CAPTURE_AUTORELEASING = YES;
				CLANG_WARN_BOOL_CONVERSION = YES;
				CLANG_WARN_COMMA = YES;
				CLANG_WARN_CONSTANT_CONVERSION = YES;
				CLANG_WARN_DEPRECATED_OBJC_IMPLEMENTATIONS = YES;
				CLANG_WARN_DIRECT_OBJC_ISA_USAGE = YES_ERROR;
				CLANG_WARN_DOCUMENTATION_COMMENTS = YES;
				CLANG_WARN_EMPTY_BODY = YES;
				CLANG_WARN_ENUM_CONVERSION = YES;
				CLANG_WARN_INFINITE_RECURSION = YES;
				CLANG_WARN_INT_CONVERSION = YES;
				CLANG_WARN_NON_LITERAL_NULL_CONVERSION = YES;
				CLANG_WARN_OBJC_IMPLICIT_RETAIN_SELF = YES;
				CLANG_WARN_OBJC_LITERAL_CONVERSION = YES;
				CLANG_WARN_OBJC_ROOT_CLASS = YES_ERROR;
				CLANG_WARN_QUOTED_INCLUDE_IN_FRAMEWORK_HEADER = YES;
				CLANG_WARN_RANGE_LOOP_ANALYSIS = YES;
				CLANG_WARN_STRICT_PROTOTYPES = YES;
				CLANG_WARN_SUSPICIOUS_MOVE = YES;
				CLANG_WARN_UNGUARDED_AVAILABILITY = YES_AGGRESSIVE;
				CLANG_WARN_UNREACHABLE_CODE = YES;
				CLANG_WARN__DUPLICATE_METHOD_MATCH = YES;
				CODE_SIGN_IDENTITY = "iPhone Developer";
				COPY_PHASE_STRIP = NO;
				DEBUG_INFORMATION_FORMAT = "dwarf-with-dsym";
				ENABLE_NS_ASSERTIONS = NO;
				ENABLE_STRICT_OBJC_MSGSEND = YES;
				GCC_C_LANGUAGE_STANDARD = gnu11;
				GCC_NO_COMMON_BLOCKS = YES;
				GCC_WARN_64_TO_32_BIT_CONVERSION = YES;
				GCC_WARN_ABOUT_RETURN_TYPE = YES_ERROR;
				GCC_WARN_UNDECLARED_SELECTOR = YES;
				GCC_WARN_UNINITIALIZED_AUTOS = YES_AGGRESSIVE;
				GCC_WARN_UNUSED_FUNCTION = YES;
				GCC_WARN_UNUSED_VARIABLE = YES;
				IPHONEOS_DEPLOYMENT_TARGET = 12.2;
				MTL_ENABLE_DEBUG_INFO = NO;
				MTL_FAST_MATH = YES;
				SDKROOT = iphoneos;
				SWIFT_COMPILATION_MODE = wholemodule;
				SWIFT_OPTIMIZATION_LEVEL = "-O";
				VALIDATE_PRODUCT = YES;
			};
			name = Release;
		};
		19AF54DB22D17EA500F86BDD /* Debug */ = {
			isa = XCBuildConfiguration;
			buildSettings = {
				ASSETCATALOG_COMPILER_APPICON_NAME = AppIcon;
				CODE_SIGN_STYLE = Automatic;
				DEVELOPMENT_TEAM = 76C6GD32AV;
				INFOPLIST_FILE = AVCam/Info.plist;
				INFOPLIST_KEY_LSApplicationCategoryType = "public.app-category.photography";
				IPHONEOS_DEPLOYMENT_TARGET = 14.0;
				LD_RUNPATH_SEARCH_PATHS = (
					"$(inherited)",
					"@executable_path/Frameworks",
				);
				PRODUCT_BUNDLE_IDENTIFIER = com.ajo.imgprocessing.AVCam;
				PRODUCT_NAME = "$(TARGET_NAME)";
				SUPPORTED_PLATFORMS = "iphoneos iphonesimulator";
				SUPPORTS_MACCATALYST = NO;
				SUPPORTS_MAC_DESIGNED_FOR_IPHONE_IPAD = NO;
				SWIFT_VERSION = 5.0;
				TARGETED_DEVICE_FAMILY = 1;
			};
			name = Debug;
		};
		19AF54DC22D17EA500F86BDD /* Release */ = {
			isa = XCBuildConfiguration;
			buildSettings = {
				ASSETCATALOG_COMPILER_APPICON_NAME = AppIcon;
				CODE_SIGN_STYLE = Automatic;
				DEVELOPMENT_TEAM = 76C6GD32AV;
				INFOPLIST_FILE = AVCam/Info.plist;
				INFOPLIST_KEY_LSApplicationCategoryType = "public.app-category.photography";
				IPHONEOS_DEPLOYMENT_TARGET = 14.0;
				LD_RUNPATH_SEARCH_PATHS = (
					"$(inherited)",
					"@executable_path/Frameworks",
				);
				PRODUCT_BUNDLE_IDENTIFIER = com.ajo.imgprocessing.AVCam;
				PRODUCT_NAME = "$(TARGET_NAME)";
				SUPPORTED_PLATFORMS = "iphoneos iphonesimulator";
				SUPPORTS_MACCATALYST = NO;
				SUPPORTS_MAC_DESIGNED_FOR_IPHONE_IPAD = NO;
				SWIFT_VERSION = 5.0;
				TARGETED_DEVICE_FAMILY = 1;
			};
			name = Release;
		};
/* End XCBuildConfiguration section */

/* Begin XCConfigurationList section */
		19AF54C322D17EA000F86BDD /* Build configuration list for PBXProject "AVCam" */ = {
			isa = XCConfigurationList;
			buildConfigurations = (
				19AF54D822D17EA500F86BDD /* Debug */,
				19AF54D922D17EA500F86BDD /* Release */,
			);
			defaultConfigurationIsVisible = 0;
			defaultConfigurationName = Release;
		};
		19AF54DA22D17EA500F86BDD /* Build configuration list for PBXNativeTarget "AVCam" */ = {
			isa = XCConfigurationList;
			buildConfigurations = (
				19AF54DB22D17EA500F86BDD /* Debug */,
				19AF54DC22D17EA500F86BDD /* Release */,
			);
			defaultConfigurationIsVisible = 0;
			defaultConfigurationName = Release;
		};
/* End XCConfigurationList section */
	};
	rootObject = 19AF54C022D17EA000F86BDD /* Project object */;
}
